
Microsoft Visual Studio Solution File, Format Version 12.00
# Visual Studio Version 17
VisualStudioVersion = 17.8.34511.84
MinimumVisualStudioVersion = 10.0.40219.1
Project("{FAE04EC0-301F-11D3-BF4B-00C04F79EFBC}") = "test_pruebas_estadisticas", "test_pruebas_estadisticas\test_pruebas_estadisticas.csproj", "{6C44332A-2CFE-4625-9E40-8DE79BEFDF6E}"
EndProject
Global
	GlobalSection(SolutionConfigurationPlatforms) = preSolution
		Debug|Any CPU = Debug|Any CPU
		Release|Any CPU = Release|Any CPU
	EndGlobalSection
	GlobalSection(ProjectConfigurationPlatforms) = postSolution
		{6C44332A-2CFE-4625-9E40-8DE79BEFDF6E}.Debug|Any CPU.ActiveCfg = Debug|Any CPU
		{6C44332A-2CFE-4625-9E40-8DE79BEFDF6E}.Debug|Any CPU.Build.0 = Debug|Any CPU
		{6C44332A-2CFE-4625-9E40-8DE79BEFDF6E}.Release|Any CPU.ActiveCfg = Release|Any CPU
		{6C44332A-2CFE-4625-9E40-8DE79BEFDF6E}.Release|Any CPU.Build.0 = Release|Any CPU
	EndGlobalSection
	GlobalSection(SolutionProperties) = preSolution
		HideSolutionNode = FALSE
	EndGlobalSection
	GlobalSection(ExtensibilityGlobals) = postSolution
		SolutionGuid = {AE48769A-2015-4D92-82F0-2DD7197DF0F9}
	EndGlobalSection
EndGlobal
