
Microsoft Visual Studio Solution File, Format Version 12.00
# Visual Studio Version 17
VisualStudioVersion = 17.5.33516.290
MinimumVisualStudioVersion = 10.0.40219.1
Project("{FAE04EC0-301F-11D3-BF4B-00C04F79EFBC}") = "ResultadoSangre_LibreriaControl", "ResultadoSangre_LibreriaControl.csproj", "{6FC69F24-F036-4198-8162-99FDF6AF960A}"
EndProject
Global
	GlobalSection(SolutionConfigurationPlatforms) = preSolution
		Debug|Any CPU = Debug|Any CPU
		Release|Any CPU = Release|Any CPU
	EndGlobalSection
	GlobalSection(ProjectConfigurationPlatforms) = postSolution
		{6FC69F24-F036-4198-8162-99FDF6AF960A}.Debug|Any CPU.ActiveCfg = Debug|Any CPU
		{6FC69F24-F036-4198-8162-99FDF6AF960A}.Debug|Any CPU.Build.0 = Debug|Any CPU
		{6FC69F24-F036-4198-8162-99FDF6AF960A}.Release|Any CPU.ActiveCfg = Release|Any CPU
		{6FC69F24-F036-4198-8162-99FDF6AF960A}.Release|Any CPU.Build.0 = Release|Any CPU
	EndGlobalSection
	GlobalSection(SolutionProperties) = preSolution
		HideSolutionNode = FALSE
	EndGlobalSection
	GlobalSection(ExtensibilityGlobals) = postSolution
		SolutionGuid = {B7D90706-CE7C-4DD8-B3B3-1F34560A63F8}
	EndGlobalSection
EndGlobal
