
Microsoft Visual Studio Solution File, Format Version 12.00
# Visual Studio Version 17
VisualStudioVersion = 17.8.34511.84
MinimumVisualStudioVersion = 10.0.40219.1
Project("{FAE04EC0-301F-11D3-BF4B-00C04F79EFBC}") = "Numeros_Pseudo", "Numeros_Pseudo\Numeros_Pseudo.csproj", "{F91017E6-17BC-40B5-886A-20A8C7D882EF}"
EndProject
Global
	GlobalSection(SolutionConfigurationPlatforms) = preSolution
		Debug|Any CPU = Debug|Any CPU
		Release|Any CPU = Release|Any CPU
	EndGlobalSection
	GlobalSection(ProjectConfigurationPlatforms) = postSolution
		{F91017E6-17BC-40B5-886A-20A8C7D882EF}.Debug|Any CPU.ActiveCfg = Debug|Any CPU
		{F91017E6-17BC-40B5-886A-20A8C7D882EF}.Debug|Any CPU.Build.0 = Debug|Any CPU
		{F91017E6-17BC-40B5-886A-20A8C7D882EF}.Release|Any CPU.ActiveCfg = Release|Any CPU
		{F91017E6-17BC-40B5-886A-20A8C7D882EF}.Release|Any CPU.Build.0 = Release|Any CPU
	EndGlobalSection
	GlobalSection(SolutionProperties) = preSolution
		HideSolutionNode = FALSE
	EndGlobalSection
	GlobalSection(ExtensibilityGlobals) = postSolution
		SolutionGuid = {CDAD1E75-9972-49AF-B1CE-F61A43008CF5}
	EndGlobalSection
EndGlobal
